// !$*UTF8*$!
{
	archiveVersion = 1;
	classes = {
	};
	objectVersion = 52;
	objects = {

/* Begin PBXBuildFile section */
		BC0900E126B7CA0F0029D11F /* CategoryDetailsPurchaseCell.swift in Sources */ = {isa = PBXBuildFile; fileRef = BC0900E026B7CA0F0029D11F /* CategoryDetailsPurchaseCell.swift */; };
		BC0900E326B817850029D11F /* CategoryDetailsSummary.swift in Sources */ = {isa = PBXBuildFile; fileRef = BC0900E226B817850029D11F /* CategoryDetailsSummary.swift */; };
		BC7CD9AB26AEC44100FB1EA7 /* CreateCategoryScreen.swift in Sources */ = {isa = PBXBuildFile; fileRef = BC7CD9AA26AEC44100FB1EA7 /* CreateCategoryScreen.swift */; };
		BC7CD9AD26AEC60400FB1EA7 /* CreateCategoryViewModel.swift in Sources */ = {isa = PBXBuildFile; fileRef = BC7CD9AC26AEC60400FB1EA7 /* CreateCategoryViewModel.swift */; };
		BC7F9DBF26B6FE6B004247EF /* CategoryDetailsScreen.swift in Sources */ = {isa = PBXBuildFile; fileRef = BC7F9DBE26B6FE6B004247EF /* CategoryDetailsScreen.swift */; };
		BC7F9DC126B70FE2004247EF /* CategoryDetailsViewModel.swift in Sources */ = {isa = PBXBuildFile; fileRef = BC7F9DC026B70FE2004247EF /* CategoryDetailsViewModel.swift */; };
		BC7F9DC626B71506004247EF /* CategoriesCell.swift in Sources */ = {isa = PBXBuildFile; fileRef = BC7F9DC526B71506004247EF /* CategoriesCell.swift */; };
		BC814EF526A944E60031896C /* CategoriesScreen.swift in Sources */ = {isa = PBXBuildFile; fileRef = BC814EF426A944E60031896C /* CategoriesScreen.swift */; };
		BC84FA1526B825E00010078B /* EditCategoryViewModel.swift in Sources */ = {isa = PBXBuildFile; fileRef = BC84FA1426B825E00010078B /* EditCategoryViewModel.swift */; };
		BC84FA1726B845CC0010078B /* EditCategoryScreen.swift in Sources */ = {isa = PBXBuildFile; fileRef = BC84FA1626B845CC0010078B /* EditCategoryScreen.swift */; };
		BC84FA1926B846730010078B /* Layout.swift in Sources */ = {isa = PBXBuildFile; fileRef = BC84FA1826B846730010078B /* Layout.swift */; };
		BC8A8CF726BAAAD9000DE9CF /* CategoryDetailsAmountCard.swift in Sources */ = {isa = PBXBuildFile; fileRef = BC8A8CF626BAAAD9000DE9CF /* CategoryDetailsAmountCard.swift */; };
		BC8B1FBE26B6817200D5976C /* PurchaseCoreDataConvertions.swift in Sources */ = {isa = PBXBuildFile; fileRef = BC8B1FBD26B6817200D5976C /* PurchaseCoreDataConvertions.swift */; };
		BC9443BC26B3114C0056D341 /* RegisterPurchaseScreen.swift in Sources */ = {isa = PBXBuildFile; fileRef = BC9443BB26B3114C0056D341 /* RegisterPurchaseScreen.swift */; };
		BC9443BE26B313C30056D341 /* RegisterPurchasetViewModel.swift in Sources */ = {isa = PBXBuildFile; fileRef = BC9443BD26B313C30056D341 /* RegisterPurchasetViewModel.swift */; };
		BC9443C126B3147F0056D341 /* Buttons.swift in Sources */ = {isa = PBXBuildFile; fileRef = BC9443C026B3147F0056D341 /* Buttons.swift */; };
		BCA3349126A6A5410039D4E3 /* treasuryApp.swift in Sources */ = {isa = PBXBuildFile; fileRef = BCA3349026A6A5410039D4E3 /* treasuryApp.swift */; };
		BCA3349526A6A5420039D4E3 /* Assets.xcassets in Resources */ = {isa = PBXBuildFile; fileRef = BCA3349426A6A5420039D4E3 /* Assets.xcassets */; };
		BCA3349826A6A5420039D4E3 /* Preview Assets.xcassets in Resources */ = {isa = PBXBuildFile; fileRef = BCA3349726A6A5420039D4E3 /* Preview Assets.xcassets */; };
		BCA334A026A6A6F90039D4E3 /* Category.swift in Sources */ = {isa = PBXBuildFile; fileRef = BCA3349F26A6A6F90039D4E3 /* Category.swift */; };
		BCA334A226A6B2BF0039D4E3 /* Purchase.swift in Sources */ = {isa = PBXBuildFile; fileRef = BCA334A126A6B2BF0039D4E3 /* Purchase.swift */; };
		BCA334A526A6B7180039D4E3 /* Arrays.swift in Sources */ = {isa = PBXBuildFile; fileRef = BCA334A426A6B7180039D4E3 /* Arrays.swift */; };
		BCA334AA26A6C35D0039D4E3 /* CentralDatabase.xcdatamodeld in Sources */ = {isa = PBXBuildFile; fileRef = BCA334A826A6C35D0039D4E3 /* CentralDatabase.xcdatamodeld */; };
		BCA334AC26A6C7FE0039D4E3 /* Dates.swift in Sources */ = {isa = PBXBuildFile; fileRef = BCA334AB26A6C7FE0039D4E3 /* Dates.swift */; };
		BCA334B226A6C9570039D4E3 /* CoreDataCategory+CoreDataClass.swift in Sources */ = {isa = PBXBuildFile; fileRef = BCA334AE26A6C9570039D4E3 /* CoreDataCategory+CoreDataClass.swift */; };
		BCA334B326A6C9570039D4E3 /* CoreDataCategory+CoreDataProperties.swift in Sources */ = {isa = PBXBuildFile; fileRef = BCA334AF26A6C9570039D4E3 /* CoreDataCategory+CoreDataProperties.swift */; };
		BCA334B426A6C9570039D4E3 /* CoreDataPurchase+CoreDataClass.swift in Sources */ = {isa = PBXBuildFile; fileRef = BCA334B026A6C9570039D4E3 /* CoreDataPurchase+CoreDataClass.swift */; };
		BCA334B526A6C9570039D4E3 /* CoreDataPurchase+CoreDataProperties.swift in Sources */ = {isa = PBXBuildFile; fileRef = BCA334B126A6C9570039D4E3 /* CoreDataPurchase+CoreDataProperties.swift */; };
		BCA334B826A6C9EA0039D4E3 /* CoreDataStorageEngine.swift in Sources */ = {isa = PBXBuildFile; fileRef = BCA334B726A6C9EA0039D4E3 /* CoreDataStorageEngine.swift */; };
		BCA334BA26A6CA200039D4E3 /* Logs.swift in Sources */ = {isa = PBXBuildFile; fileRef = BCA334B926A6CA200039D4E3 /* Logs.swift */; };
		BCA334BD26A6CAC20039D4E3 /* Exceptions.swift in Sources */ = {isa = PBXBuildFile; fileRef = BCA334BC26A6CAC20039D4E3 /* Exceptions.swift */; };
		BCA334BF26A6CB910039D4E3 /* Unwrap.swift in Sources */ = {isa = PBXBuildFile; fileRef = BCA334BE26A6CB910039D4E3 /* Unwrap.swift */; };
		BCA334C126A6CBE80039D4E3 /* CentralDatabase.swift in Sources */ = {isa = PBXBuildFile; fileRef = BCA334C026A6CBE80039D4E3 /* CentralDatabase.swift */; };
		BCA334C326A6CC8C0039D4E3 /* CategoryFields.swift in Sources */ = {isa = PBXBuildFile; fileRef = BCA334C226A6CC8C0039D4E3 /* CategoryFields.swift */; };
		BCA334C526A6CD6D0039D4E3 /* PurchaseFields.swift in Sources */ = {isa = PBXBuildFile; fileRef = BCA334C426A6CD6D0039D4E3 /* PurchaseFields.swift */; };
		BCA334C826A6CEA80039D4E3 /* Swinject in Frameworks */ = {isa = PBXBuildFile; productRef = BCA334C726A6CEA80039D4E3 /* Swinject */; };
		BCA334CA26A6CF0F0039D4E3 /* Di.swift in Sources */ = {isa = PBXBuildFile; fileRef = BCA334C926A6CF0F0039D4E3 /* Di.swift */; };
		BCA334CD26A6CF8E0039D4E3 /* DependencyInjection.swift in Sources */ = {isa = PBXBuildFile; fileRef = BCA334CC26A6CF8E0039D4E3 /* DependencyInjection.swift */; };
		BCA334CF26A6D0180039D4E3 /* CentralStorage.swift in Sources */ = {isa = PBXBuildFile; fileRef = BCA334CE26A6D0180039D4E3 /* CentralStorage.swift */; };
		BCA334D826A6D6C30039D4E3 /* Decimals.swift in Sources */ = {isa = PBXBuildFile; fileRef = BCA334D726A6D6C30039D4E3 /* Decimals.swift */; };
		BCA334DA26A6DE160039D4E3 /* CategoriesAmountCard.swift in Sources */ = {isa = PBXBuildFile; fileRef = BCA334D926A6DE160039D4E3 /* CategoriesAmountCard.swift */; };
		BCB1196A26AD769400426BA7 /* CategoriesViewModel.swift in Sources */ = {isa = PBXBuildFile; fileRef = BCB1196926AD769400426BA7 /* CategoriesViewModel.swift */; };
		BCB1197026AD789B00426BA7 /* CentralStorageAssembly.swift in Sources */ = {isa = PBXBuildFile; fileRef = BCB1196F26AD789B00426BA7 /* CentralStorageAssembly.swift */; };
		BCB1197226AD795100426BA7 /* CategoryCoreDataConvertions.swift in Sources */ = {isa = PBXBuildFile; fileRef = BCB1197126AD795100426BA7 /* CategoryCoreDataConvertions.swift */; };
		BCB1197526AD7B1F00426BA7 /* CoreDataContexts.swift in Sources */ = {isa = PBXBuildFile; fileRef = BCB1197426AD7B1F00426BA7 /* CoreDataContexts.swift */; };
		BCB1197726AD7D1F00426BA7 /* FetchRequest.swift in Sources */ = {isa = PBXBuildFile; fileRef = BCB1197626AD7D1F00426BA7 /* FetchRequest.swift */; };
		BCB1197926AD7D5300426BA7 /* CoreDataEntity.swift in Sources */ = {isa = PBXBuildFile; fileRef = BCB1197826AD7D5300426BA7 /* CoreDataEntity.swift */; };
		BCB5E79C26AEE99500727DF7 /* Strings.swift in Sources */ = {isa = PBXBuildFile; fileRef = BCB5E79B26AEE99500727DF7 /* Strings.swift */; };
		BCB5E79F26AEEBC300727DF7 /* StorageUpdatedContent.swift in Sources */ = {isa = PBXBuildFile; fileRef = BCB5E79E26AEEBC300727DF7 /* StorageUpdatedContent.swift */; };
		BCB5E7A126AEEC1200727DF7 /* StorageSubscription.swift in Sources */ = {isa = PBXBuildFile; fileRef = BCB5E7A026AEEC1200727DF7 /* StorageSubscription.swift */; };
		BCC7A14E26A7ECCB00A21C5D /* Colors.swift in Sources */ = {isa = PBXBuildFile; fileRef = BCC7A14D26A7ECCB00A21C5D /* Colors.swift */; };
/* End PBXBuildFile section */

/* Begin PBXFileReference section */
		BC0900E026B7CA0F0029D11F /* CategoryDetailsPurchaseCell.swift */ = {isa = PBXFileReference; lastKnownFileType = sourcecode.swift; path = CategoryDetailsPurchaseCell.swift; sourceTree = "<group>"; };
		BC0900E226B817850029D11F /* CategoryDetailsSummary.swift */ = {isa = PBXFileReference; lastKnownFileType = sourcecode.swift; path = CategoryDetailsSummary.swift; sourceTree = "<group>"; };
		BC7CD9AA26AEC44100FB1EA7 /* CreateCategoryScreen.swift */ = {isa = PBXFileReference; lastKnownFileType = sourcecode.swift; path = CreateCategoryScreen.swift; sourceTree = "<group>"; };
		BC7CD9AC26AEC60400FB1EA7 /* CreateCategoryViewModel.swift */ = {isa = PBXFileReference; lastKnownFileType = sourcecode.swift; path = CreateCategoryViewModel.swift; sourceTree = "<group>"; };
		BC7F9DBE26B6FE6B004247EF /* CategoryDetailsScreen.swift */ = {isa = PBXFileReference; lastKnownFileType = sourcecode.swift; path = CategoryDetailsScreen.swift; sourceTree = "<group>"; };
		BC7F9DC026B70FE2004247EF /* CategoryDetailsViewModel.swift */ = {isa = PBXFileReference; lastKnownFileType = sourcecode.swift; path = CategoryDetailsViewModel.swift; sourceTree = "<group>"; };
		BC7F9DC526B71506004247EF /* CategoriesCell.swift */ = {isa = PBXFileReference; lastKnownFileType = sourcecode.swift; path = CategoriesCell.swift; sourceTree = "<group>"; };
		BC814EF426A944E60031896C /* CategoriesScreen.swift */ = {isa = PBXFileReference; lastKnownFileType = sourcecode.swift; path = CategoriesScreen.swift; sourceTree = "<group>"; };
		BC84FA1426B825E00010078B /* EditCategoryViewModel.swift */ = {isa = PBXFileReference; lastKnownFileType = sourcecode.swift; path = EditCategoryViewModel.swift; sourceTree = "<group>"; };
		BC84FA1626B845CC0010078B /* EditCategoryScreen.swift */ = {isa = PBXFileReference; lastKnownFileType = sourcecode.swift; path = EditCategoryScreen.swift; sourceTree = "<group>"; };
		BC84FA1826B846730010078B /* Layout.swift */ = {isa = PBXFileReference; lastKnownFileType = sourcecode.swift; path = Layout.swift; sourceTree = "<group>"; };
		BC8A8CF626BAAAD9000DE9CF /* CategoryDetailsAmountCard.swift */ = {isa = PBXFileReference; lastKnownFileType = sourcecode.swift; path = CategoryDetailsAmountCard.swift; sourceTree = "<group>"; };
		BC8B1FBD26B6817200D5976C /* PurchaseCoreDataConvertions.swift */ = {isa = PBXFileReference; lastKnownFileType = sourcecode.swift; path = PurchaseCoreDataConvertions.swift; sourceTree = "<group>"; };
		BC9443BB26B3114C0056D341 /* RegisterPurchaseScreen.swift */ = {isa = PBXFileReference; lastKnownFileType = sourcecode.swift; path = RegisterPurchaseScreen.swift; sourceTree = "<group>"; };
		BC9443BD26B313C30056D341 /* RegisterPurchasetViewModel.swift */ = {isa = PBXFileReference; lastKnownFileType = sourcecode.swift; path = RegisterPurchasetViewModel.swift; sourceTree = "<group>"; };
		BC9443C026B3147F0056D341 /* Buttons.swift */ = {isa = PBXFileReference; lastKnownFileType = sourcecode.swift; path = Buttons.swift; sourceTree = "<group>"; };
		BCA3348D26A6A5410039D4E3 /* treasury.app */ = {isa = PBXFileReference; explicitFileType = wrapper.application; includeInIndex = 0; path = treasury.app; sourceTree = BUILT_PRODUCTS_DIR; };
		BCA3349026A6A5410039D4E3 /* treasuryApp.swift */ = {isa = PBXFileReference; lastKnownFileType = sourcecode.swift; path = treasuryApp.swift; sourceTree = "<group>"; };
		BCA3349426A6A5420039D4E3 /* Assets.xcassets */ = {isa = PBXFileReference; lastKnownFileType = folder.assetcatalog; path = Assets.xcassets; sourceTree = "<group>"; };
		BCA3349726A6A5420039D4E3 /* Preview Assets.xcassets */ = {isa = PBXFileReference; lastKnownFileType = folder.assetcatalog; path = "Preview Assets.xcassets"; sourceTree = "<group>"; };
		BCA3349926A6A5420039D4E3 /* Info.plist */ = {isa = PBXFileReference; lastKnownFileType = text.plist.xml; path = Info.plist; sourceTree = "<group>"; };
		BCA3349F26A6A6F90039D4E3 /* Category.swift */ = {isa = PBXFileReference; lastKnownFileType = sourcecode.swift; path = Category.swift; sourceTree = "<group>"; };
		BCA334A126A6B2BF0039D4E3 /* Purchase.swift */ = {isa = PBXFileReference; lastKnownFileType = sourcecode.swift; path = Purchase.swift; sourceTree = "<group>"; };
		BCA334A426A6B7180039D4E3 /* Arrays.swift */ = {isa = PBXFileReference; lastKnownFileType = sourcecode.swift; path = Arrays.swift; sourceTree = "<group>"; };
		BCA334A926A6C35D0039D4E3 /* CentralDatabase.xcdatamodel */ = {isa = PBXFileReference; lastKnownFileType = wrapper.xcdatamodel; path = CentralDatabase.xcdatamodel; sourceTree = "<group>"; };
		BCA334AB26A6C7FE0039D4E3 /* Dates.swift */ = {isa = PBXFileReference; lastKnownFileType = sourcecode.swift; path = Dates.swift; sourceTree = "<group>"; };
		BCA334AE26A6C9570039D4E3 /* CoreDataCategory+CoreDataClass.swift */ = {isa = PBXFileReference; lastKnownFileType = sourcecode.swift; path = "CoreDataCategory+CoreDataClass.swift"; sourceTree = "<group>"; };
		BCA334AF26A6C9570039D4E3 /* CoreDataCategory+CoreDataProperties.swift */ = {isa = PBXFileReference; lastKnownFileType = sourcecode.swift; path = "CoreDataCategory+CoreDataProperties.swift"; sourceTree = "<group>"; };
		BCA334B026A6C9570039D4E3 /* CoreDataPurchase+CoreDataClass.swift */ = {isa = PBXFileReference; lastKnownFileType = sourcecode.swift; path = "CoreDataPurchase+CoreDataClass.swift"; sourceTree = "<group>"; };
		BCA334B126A6C9570039D4E3 /* CoreDataPurchase+CoreDataProperties.swift */ = {isa = PBXFileReference; lastKnownFileType = sourcecode.swift; path = "CoreDataPurchase+CoreDataProperties.swift"; sourceTree = "<group>"; };
		BCA334B726A6C9EA0039D4E3 /* CoreDataStorageEngine.swift */ = {isa = PBXFileReference; lastKnownFileType = sourcecode.swift; path = CoreDataStorageEngine.swift; sourceTree = "<group>"; };
		BCA334B926A6CA200039D4E3 /* Logs.swift */ = {isa = PBXFileReference; lastKnownFileType = sourcecode.swift; path = Logs.swift; sourceTree = "<group>"; };
		BCA334BC26A6CAC20039D4E3 /* Exceptions.swift */ = {isa = PBXFileReference; lastKnownFileType = sourcecode.swift; path = Exceptions.swift; sourceTree = "<group>"; };
		BCA334BE26A6CB910039D4E3 /* Unwrap.swift */ = {isa = PBXFileReference; lastKnownFileType = sourcecode.swift; path = Unwrap.swift; sourceTree = "<group>"; };
		BCA334C026A6CBE80039D4E3 /* CentralDatabase.swift */ = {isa = PBXFileReference; lastKnownFileType = sourcecode.swift; path = CentralDatabase.swift; sourceTree = "<group>"; };
		BCA334C226A6CC8C0039D4E3 /* CategoryFields.swift */ = {isa = PBXFileReference; lastKnownFileType = sourcecode.swift; path = CategoryFields.swift; sourceTree = "<group>"; };
		BCA334C426A6CD6D0039D4E3 /* PurchaseFields.swift */ = {isa = PBXFileReference; lastKnownFileType = sourcecode.swift; path = PurchaseFields.swift; sourceTree = "<group>"; };
		BCA334C926A6CF0F0039D4E3 /* Di.swift */ = {isa = PBXFileReference; lastKnownFileType = sourcecode.swift; path = Di.swift; sourceTree = "<group>"; };
		BCA334CC26A6CF8E0039D4E3 /* DependencyInjection.swift */ = {isa = PBXFileReference; lastKnownFileType = sourcecode.swift; path = DependencyInjection.swift; sourceTree = "<group>"; };
		BCA334CE26A6D0180039D4E3 /* CentralStorage.swift */ = {isa = PBXFileReference; lastKnownFileType = sourcecode.swift; path = CentralStorage.swift; sourceTree = "<group>"; };
		BCA334D726A6D6C30039D4E3 /* Decimals.swift */ = {isa = PBXFileReference; lastKnownFileType = sourcecode.swift; path = Decimals.swift; sourceTree = "<group>"; };
		BCA334D926A6DE160039D4E3 /* CategoriesAmountCard.swift */ = {isa = PBXFileReference; lastKnownFileType = sourcecode.swift; path = CategoriesAmountCard.swift; sourceTree = "<group>"; };
		BCB1196926AD769400426BA7 /* CategoriesViewModel.swift */ = {isa = PBXFileReference; lastKnownFileType = sourcecode.swift; path = CategoriesViewModel.swift; sourceTree = "<group>"; };
		BCB1196F26AD789B00426BA7 /* CentralStorageAssembly.swift */ = {isa = PBXFileReference; lastKnownFileType = sourcecode.swift; path = CentralStorageAssembly.swift; sourceTree = "<group>"; };
		BCB1197126AD795100426BA7 /* CategoryCoreDataConvertions.swift */ = {isa = PBXFileReference; lastKnownFileType = sourcecode.swift; path = CategoryCoreDataConvertions.swift; sourceTree = "<group>"; };
		BCB1197426AD7B1F00426BA7 /* CoreDataContexts.swift */ = {isa = PBXFileReference; lastKnownFileType = sourcecode.swift; path = CoreDataContexts.swift; sourceTree = "<group>"; };
		BCB1197626AD7D1F00426BA7 /* FetchRequest.swift */ = {isa = PBXFileReference; lastKnownFileType = sourcecode.swift; path = FetchRequest.swift; sourceTree = "<group>"; };
		BCB1197826AD7D5300426BA7 /* CoreDataEntity.swift */ = {isa = PBXFileReference; lastKnownFileType = sourcecode.swift; path = CoreDataEntity.swift; sourceTree = "<group>"; };
		BCB5E79B26AEE99500727DF7 /* Strings.swift */ = {isa = PBXFileReference; lastKnownFileType = sourcecode.swift; path = Strings.swift; sourceTree = "<group>"; };
		BCB5E79E26AEEBC300727DF7 /* StorageUpdatedContent.swift */ = {isa = PBXFileReference; lastKnownFileType = sourcecode.swift; path = StorageUpdatedContent.swift; sourceTree = "<group>"; };
		BCB5E7A026AEEC1200727DF7 /* StorageSubscription.swift */ = {isa = PBXFileReference; lastKnownFileType = sourcecode.swift; path = StorageSubscription.swift; sourceTree = "<group>"; };
		BCC7A14D26A7ECCB00A21C5D /* Colors.swift */ = {isa = PBXFileReference; lastKnownFileType = sourcecode.swift; path = Colors.swift; sourceTree = "<group>"; };
/* End PBXFileReference section */

/* Begin PBXFrameworksBuildPhase section */
		BCA3348A26A6A5410039D4E3 /* Frameworks */ = {
			isa = PBXFrameworksBuildPhase;
			buildActionMask = 2147483647;
			files = (
				BCA334C826A6CEA80039D4E3 /* Swinject in Frameworks */,
			);
			runOnlyForDeploymentPostprocessing = 0;
		};
/* End PBXFrameworksBuildPhase section */

/* Begin PBXGroup section */
		BC7CD9A926AEC41F00FB1EA7 /* CreateCategoryScreen */ = {
			isa = PBXGroup;
			children = (
				BC7CD9AA26AEC44100FB1EA7 /* CreateCategoryScreen.swift */,
				BC7CD9AC26AEC60400FB1EA7 /* CreateCategoryViewModel.swift */,
			);
			path = CreateCategoryScreen;
			sourceTree = "<group>";
		};
		BC7F9DBB26B6FE25004247EF /* CategoryDetailsScreen */ = {
			isa = PBXGroup;
			children = (
				BC7F9DBE26B6FE6B004247EF /* CategoryDetailsScreen.swift */,
				BC0900E026B7CA0F0029D11F /* CategoryDetailsPurchaseCell.swift */,
				BC7F9DC026B70FE2004247EF /* CategoryDetailsViewModel.swift */,
				BC0900E226B817850029D11F /* CategoryDetailsSummary.swift */,
				BC8A8CF626BAAAD9000DE9CF /* CategoryDetailsAmountCard.swift */,
			);
			path = CategoryDetailsScreen;
			sourceTree = "<group>";
		};
		BC7F9DC226B710B7004247EF /* Reusable */ = {
			isa = PBXGroup;
			children = (
			);
			path = Reusable;
			sourceTree = "<group>";
		};
		BC84FA1326B825610010078B /* EditCategoryScreen */ = {
			isa = PBXGroup;
			children = (
				BC84FA1626B845CC0010078B /* EditCategoryScreen.swift */,
				BC84FA1426B825E00010078B /* EditCategoryViewModel.swift */,
			);
			path = EditCategoryScreen;
			sourceTree = "<group>";
		};
		BC9443B826B310F80056D341 /* RegisterPaymentScreen */ = {
			isa = PBXGroup;
			children = (
				BC9443BB26B3114C0056D341 /* RegisterPurchaseScreen.swift */,
				BC9443BD26B313C30056D341 /* RegisterPurchasetViewModel.swift */,
			);
			path = RegisterPaymentScreen;
			sourceTree = "<group>";
		};
		BC9443BF26B314660056D341 /* Ui */ = {
			isa = PBXGroup;
			children = (
				BC9443C026B3147F0056D341 /* Buttons.swift */,
				BC84FA1826B846730010078B /* Layout.swift */,
			);
			path = Ui;
			sourceTree = "<group>";
		};
		BCA3348426A6A5410039D4E3 = {
			isa = PBXGroup;
			children = (
				BCA3348F26A6A5410039D4E3 /* treasury */,
				BCA3348E26A6A5410039D4E3 /* Products */,
			);
			sourceTree = "<group>";
		};
		BCA3348E26A6A5410039D4E3 /* Products */ = {
			isa = PBXGroup;
			children = (
				BCA3348D26A6A5410039D4E3 /* treasury.app */,
			);
			name = Products;
			sourceTree = "<group>";
		};
		BCA3348F26A6A5410039D4E3 /* treasury */ = {
			isa = PBXGroup;
			children = (
				BCA3349026A6A5410039D4E3 /* treasuryApp.swift */,
				BCA334CB26A6CF570039D4E3 /* Initiallization */,
				BCA334D026A6D2510039D4E3 /* BusinessLogic */,
				BCA334A626A6C1A90039D4E3 /* Model */,
				BCA334A726A6C2D60039D4E3 /* Storage */,
				BCA334A326A6B7060039D4E3 /* Toolkit */,
				BCA3349426A6A5420039D4E3 /* Assets.xcassets */,
				BCA3349926A6A5420039D4E3 /* Info.plist */,
				BCA3349626A6A5420039D4E3 /* Preview Content */,
			);
			path = treasury;
			sourceTree = "<group>";
		};
		BCA3349626A6A5420039D4E3 /* Preview Content */ = {
			isa = PBXGroup;
			children = (
				BCA3349726A6A5420039D4E3 /* Preview Assets.xcassets */,
			);
			path = "Preview Content";
			sourceTree = "<group>";
		};
		BCA334A326A6B7060039D4E3 /* Toolkit */ = {
			isa = PBXGroup;
			children = (
				BC9443BF26B314660056D341 /* Ui */,
				BCB5E79D26AEEBAE00727DF7 /* Storage */,
				BCA334B626A6C9D70039D4E3 /* CoreData */,
				BCA334A426A6B7180039D4E3 /* Arrays.swift */,
				BCA334AB26A6C7FE0039D4E3 /* Dates.swift */,
				BCA334B926A6CA200039D4E3 /* Logs.swift */,
				BCA334BC26A6CAC20039D4E3 /* Exceptions.swift */,
				BCA334BE26A6CB910039D4E3 /* Unwrap.swift */,
				BCA334C926A6CF0F0039D4E3 /* Di.swift */,
				BCA334D726A6D6C30039D4E3 /* Decimals.swift */,
				BCC7A14D26A7ECCB00A21C5D /* Colors.swift */,
				BCB1197426AD7B1F00426BA7 /* CoreDataContexts.swift */,
				BCB5E79B26AEE99500727DF7 /* Strings.swift */,
			);
			path = Toolkit;
			sourceTree = "<group>";
		};
		BCA334A626A6C1A90039D4E3 /* Model */ = {
			isa = PBXGroup;
			children = (
				BCA3349F26A6A6F90039D4E3 /* Category.swift */,
				BCA334A126A6B2BF0039D4E3 /* Purchase.swift */,
			);
			path = Model;
			sourceTree = "<group>";
		};
		BCA334A726A6C2D60039D4E3 /* Storage */ = {
			isa = PBXGroup;
			children = (
				BCA334CE26A6D0180039D4E3 /* CentralStorage.swift */,
				BCA334C026A6CBE80039D4E3 /* CentralDatabase.swift */,
				BCA334A826A6C35D0039D4E3 /* CentralDatabase.xcdatamodeld */,
				BCA334AD26A6C9340039D4E3 /* CoreDataEntities */,
				BCB1197326AD7A4F00426BA7 /* CoreDataConvertions */,
				BCB1196F26AD789B00426BA7 /* CentralStorageAssembly.swift */,
			);
			path = Storage;
			sourceTree = "<group>";
		};
		BCA334AD26A6C9340039D4E3 /* CoreDataEntities */ = {
			isa = PBXGroup;
			children = (
				BCA334AE26A6C9570039D4E3 /* CoreDataCategory+CoreDataClass.swift */,
				BCA334AF26A6C9570039D4E3 /* CoreDataCategory+CoreDataProperties.swift */,
				BCA334B026A6C9570039D4E3 /* CoreDataPurchase+CoreDataClass.swift */,
				BCA334B126A6C9570039D4E3 /* CoreDataPurchase+CoreDataProperties.swift */,
				BCA334C226A6CC8C0039D4E3 /* CategoryFields.swift */,
				BCA334C426A6CD6D0039D4E3 /* PurchaseFields.swift */,
			);
			path = CoreDataEntities;
			sourceTree = "<group>";
		};
		BCA334B626A6C9D70039D4E3 /* CoreData */ = {
			isa = PBXGroup;
			children = (
				BCA334B726A6C9EA0039D4E3 /* CoreDataStorageEngine.swift */,
				BCB1197626AD7D1F00426BA7 /* FetchRequest.swift */,
				BCB1197826AD7D5300426BA7 /* CoreDataEntity.swift */,
			);
			path = CoreData;
			sourceTree = "<group>";
		};
		BCA334CB26A6CF570039D4E3 /* Initiallization */ = {
			isa = PBXGroup;
			children = (
				BCA334CC26A6CF8E0039D4E3 /* DependencyInjection.swift */,
			);
			path = Initiallization;
			sourceTree = "<group>";
		};
		BCA334D026A6D2510039D4E3 /* BusinessLogic */ = {
			isa = PBXGroup;
			children = (
				BCA334D126A6D25D0039D4E3 /* CategoriesScreen */,
				BC7F9DBB26B6FE25004247EF /* CategoryDetailsScreen */,
				BC7CD9A926AEC41F00FB1EA7 /* CreateCategoryScreen */,
				BC84FA1326B825610010078B /* EditCategoryScreen */,
				BC9443B826B310F80056D341 /* RegisterPaymentScreen */,
				BC7F9DC226B710B7004247EF /* Reusable */,
			);
			path = BusinessLogic;
			sourceTree = "<group>";
		};
		BCA334D126A6D25D0039D4E3 /* CategoriesScreen */ = {
			isa = PBXGroup;
			children = (
				BC814EF426A944E60031896C /* CategoriesScreen.swift */,
				BCB1196926AD769400426BA7 /* CategoriesViewModel.swift */,
				BC7F9DC526B71506004247EF /* CategoriesCell.swift */,
				BCA334D926A6DE160039D4E3 /* CategoriesAmountCard.swift */,
			);
			path = CategoriesScreen;
			sourceTree = "<group>";
		};
		BCB1197326AD7A4F00426BA7 /* CoreDataConvertions */ = {
			isa = PBXGroup;
			children = (
				BCB1197126AD795100426BA7 /* CategoryCoreDataConvertions.swift */,
				BC8B1FBD26B6817200D5976C /* PurchaseCoreDataConvertions.swift */,
			);
			path = CoreDataConvertions;
			sourceTree = "<group>";
		};
		BCB5E79D26AEEBAE00727DF7 /* Storage */ = {
			isa = PBXGroup;
			children = (
				BCB5E79E26AEEBC300727DF7 /* StorageUpdatedContent.swift */,
				BCB5E7A026AEEC1200727DF7 /* StorageSubscription.swift */,
			);
			path = Storage;
			sourceTree = "<group>";
		};
/* End PBXGroup section */

/* Begin PBXNativeTarget section */
		BCA3348C26A6A5410039D4E3 /* treasury */ = {
			isa = PBXNativeTarget;
			buildConfigurationList = BCA3349C26A6A5420039D4E3 /* Build configuration list for PBXNativeTarget "treasury" */;
			buildPhases = (
				BCA3348926A6A5410039D4E3 /* Sources */,
				BCA3348A26A6A5410039D4E3 /* Frameworks */,
				BCA3348B26A6A5410039D4E3 /* Resources */,
			);
			buildRules = (
			);
			dependencies = (
			);
			name = treasury;
			packageProductDependencies = (
				BCA334C726A6CEA80039D4E3 /* Swinject */,
			);
			productName = treasury;
			productReference = BCA3348D26A6A5410039D4E3 /* treasury.app */;
			productType = "com.apple.product-type.application";
		};
/* End PBXNativeTarget section */

/* Begin PBXProject section */
		BCA3348526A6A5410039D4E3 /* Project object */ = {
			isa = PBXProject;
			attributes = {
				LastSwiftUpdateCheck = 1250;
				LastUpgradeCheck = 1250;
				TargetAttributes = {
					BCA3348C26A6A5410039D4E3 = {
						CreatedOnToolsVersion = 12.5.1;
					};
				};
			};
			buildConfigurationList = BCA3348826A6A5410039D4E3 /* Build configuration list for PBXProject "treasury" */;
			compatibilityVersion = "Xcode 9.3";
			developmentRegion = en;
			hasScannedForEncodings = 0;
			knownRegions = (
				en,
				Base,
			);
			mainGroup = BCA3348426A6A5410039D4E3;
			packageReferences = (
				BCA334C626A6CEA80039D4E3 /* XCRemoteSwiftPackageReference "Swinject" */,
			);
			productRefGroup = BCA3348E26A6A5410039D4E3 /* Products */;
			projectDirPath = "";
			projectRoot = "";
			targets = (
				BCA3348C26A6A5410039D4E3 /* treasury */,
			);
		};
/* End PBXProject section */

/* Begin PBXResourcesBuildPhase section */
		BCA3348B26A6A5410039D4E3 /* Resources */ = {
			isa = PBXResourcesBuildPhase;
			buildActionMask = 2147483647;
			files = (
				BCA3349826A6A5420039D4E3 /* Preview Assets.xcassets in Resources */,
				BCA3349526A6A5420039D4E3 /* Assets.xcassets in Resources */,
			);
			runOnlyForDeploymentPostprocessing = 0;
		};
/* End PBXResourcesBuildPhase section */

/* Begin PBXSourcesBuildPhase section */
		BCA3348926A6A5410039D4E3 /* Sources */ = {
			isa = PBXSourcesBuildPhase;
			buildActionMask = 2147483647;
			files = (
				BCB5E79C26AEE99500727DF7 /* Strings.swift in Sources */,
				BCB1197726AD7D1F00426BA7 /* FetchRequest.swift in Sources */,
				BCA334BF26A6CB910039D4E3 /* Unwrap.swift in Sources */,
				BC9443C126B3147F0056D341 /* Buttons.swift in Sources */,
				BCA334DA26A6DE160039D4E3 /* CategoriesAmountCard.swift in Sources */,
				BC84FA1926B846730010078B /* Layout.swift in Sources */,
				BCA334C326A6CC8C0039D4E3 /* CategoryFields.swift in Sources */,
				BCB1197226AD795100426BA7 /* CategoryCoreDataConvertions.swift in Sources */,
				BCA334CD26A6CF8E0039D4E3 /* DependencyInjection.swift in Sources */,
				BC7CD9AD26AEC60400FB1EA7 /* CreateCategoryViewModel.swift in Sources */,
				BC7F9DC126B70FE2004247EF /* CategoryDetailsViewModel.swift in Sources */,
				BCA334A226A6B2BF0039D4E3 /* Purchase.swift in Sources */,
				BC8A8CF726BAAAD9000DE9CF /* CategoryDetailsAmountCard.swift in Sources */,
				BCA334BD26A6CAC20039D4E3 /* Exceptions.swift in Sources */,
				BCC7A14E26A7ECCB00A21C5D /* Colors.swift in Sources */,
				BC8B1FBE26B6817200D5976C /* PurchaseCoreDataConvertions.swift in Sources */,
				BCA334B526A6C9570039D4E3 /* CoreDataPurchase+CoreDataProperties.swift in Sources */,
				BCA334C526A6CD6D0039D4E3 /* PurchaseFields.swift in Sources */,
				BC7CD9AB26AEC44100FB1EA7 /* CreateCategoryScreen.swift in Sources */,
				BCB1197926AD7D5300426BA7 /* CoreDataEntity.swift in Sources */,
				BCA334B426A6C9570039D4E3 /* CoreDataPurchase+CoreDataClass.swift in Sources */,
				BC9443BE26B313C30056D341 /* RegisterPurchasetViewModel.swift in Sources */,
				BCA334BA26A6CA200039D4E3 /* Logs.swift in Sources */,
				BCA334B826A6C9EA0039D4E3 /* CoreDataStorageEngine.swift in Sources */,
				BCB5E7A126AEEC1200727DF7 /* StorageSubscription.swift in Sources */,
				BCB5E79F26AEEBC300727DF7 /* StorageUpdatedContent.swift in Sources */,
				BCA334AA26A6C35D0039D4E3 /* CentralDatabase.xcdatamodeld in Sources */,
				BCA3349126A6A5410039D4E3 /* treasuryApp.swift in Sources */,
				BCA334CF26A6D0180039D4E3 /* CentralStorage.swift in Sources */,
				BCA334B226A6C9570039D4E3 /* CoreDataCategory+CoreDataClass.swift in Sources */,
				BCA334D826A6D6C30039D4E3 /* Decimals.swift in Sources */,
				BC0900E126B7CA0F0029D11F /* CategoryDetailsPurchaseCell.swift in Sources */,
				BCB1197026AD789B00426BA7 /* CentralStorageAssembly.swift in Sources */,
				BC7F9DC626B71506004247EF /* CategoriesCell.swift in Sources */,
				BCA334AC26A6C7FE0039D4E3 /* Dates.swift in Sources */,
				BCA334A026A6A6F90039D4E3 /* Category.swift in Sources */,
				BCA334A526A6B7180039D4E3 /* Arrays.swift in Sources */,
				BCA334C126A6CBE80039D4E3 /* CentralDatabase.swift in Sources */,
				BC9443BC26B3114C0056D341 /* RegisterPurchaseScreen.swift in Sources */,
				BCA334CA26A6CF0F0039D4E3 /* Di.swift in Sources */,
				BCA334B326A6C9570039D4E3 /* CoreDataCategory+CoreDataProperties.swift in Sources */,
				BC0900E326B817850029D11F /* CategoryDetailsSummary.swift in Sources */,
				BCB1197526AD7B1F00426BA7 /* CoreDataContexts.swift in Sources */,
				BC84FA1726B845CC0010078B /* EditCategoryScreen.swift in Sources */,
				BCB1196A26AD769400426BA7 /* CategoriesViewModel.swift in Sources */,
				BC7F9DBF26B6FE6B004247EF /* CategoryDetailsScreen.swift in Sources */,
				BC84FA1526B825E00010078B /* EditCategoryViewModel.swift in Sources */,
				BC814EF526A944E60031896C /* CategoriesScreen.swift in Sources */,
			);
			runOnlyForDeploymentPostprocessing = 0;
		};
/* End PBXSourcesBuildPhase section */

/* Begin XCBuildConfiguration section */
		BCA3349A26A6A5420039D4E3 /* Debug */ = {
			isa = XCBuildConfiguration;
			buildSettings = {
				ALWAYS_SEARCH_USER_PATHS = NO;
				CLANG_ANALYZER_NONNULL = YES;
				CLANG_ANALYZER_NUMBER_OBJECT_CONVERSION = YES_AGGRESSIVE;
				CLANG_CXX_LANGUAGE_STANDARD = "gnu++14";
				CLANG_CXX_LIBRARY = "libc++";
				CLANG_ENABLE_MODULES = YES;
				CLANG_ENABLE_OBJC_ARC = YES;
				CLANG_ENABLE_OBJC_WEAK = YES;
				CLANG_WARN_BLOCK_CAPTURE_AUTORELEASING = YES;
				CLANG_WARN_BOOL_CONVERSION = YES;
				CLANG_WARN_COMMA = YES;
				CLANG_WARN_CONSTANT_CONVERSION = YES;
				CLANG_WARN_DEPRECATED_OBJC_IMPLEMENTATIONS = YES;
				CLANG_WARN_DIRECT_OBJC_ISA_USAGE = YES_ERROR;
				CLANG_WARN_DOCUMENTATION_COMMENTS = YES;
				CLANG_WARN_EMPTY_BODY = YES;
				CLANG_WARN_ENUM_CONVERSION = YES;
				CLANG_WARN_INFINITE_RECURSION = YES;
				CLANG_WARN_INT_CONVERSION = YES;
				CLANG_WARN_NON_LITERAL_NULL_CONVERSION = YES;
				CLANG_WARN_OBJC_IMPLICIT_RETAIN_SELF = YES;
				CLANG_WARN_OBJC_LITERAL_CONVERSION = YES;
				CLANG_WARN_OBJC_ROOT_CLASS = YES_ERROR;
				CLANG_WARN_QUOTED_INCLUDE_IN_FRAMEWORK_HEADER = YES;
				CLANG_WARN_RANGE_LOOP_ANALYSIS = YES;
				CLANG_WARN_STRICT_PROTOTYPES = YES;
				CLANG_WARN_SUSPICIOUS_MOVE = YES;
				CLANG_WARN_UNGUARDED_AVAILABILITY = YES_AGGRESSIVE;
				CLANG_WARN_UNREACHABLE_CODE = YES;
				CLANG_WARN__DUPLICATE_METHOD_MATCH = YES;
				COPY_PHASE_STRIP = NO;
				DEBUG_INFORMATION_FORMAT = dwarf;
				ENABLE_STRICT_OBJC_MSGSEND = YES;
				ENABLE_TESTABILITY = YES;
				GCC_C_LANGUAGE_STANDARD = gnu11;
				GCC_DYNAMIC_NO_PIC = NO;
				GCC_NO_COMMON_BLOCKS = YES;
				GCC_OPTIMIZATION_LEVEL = 0;
				GCC_PREPROCESSOR_DEFINITIONS = (
					"DEBUG=1",
					"$(inherited)",
				);
				GCC_WARN_64_TO_32_BIT_CONVERSION = YES;
				GCC_WARN_ABOUT_RETURN_TYPE = YES_ERROR;
				GCC_WARN_UNDECLARED_SELECTOR = YES;
				GCC_WARN_UNINITIALIZED_AUTOS = YES_AGGRESSIVE;
				GCC_WARN_UNUSED_FUNCTION = YES;
				GCC_WARN_UNUSED_VARIABLE = YES;
				IPHONEOS_DEPLOYMENT_TARGET = 14.5;
				MTL_ENABLE_DEBUG_INFO = INCLUDE_SOURCE;
				MTL_FAST_MATH = YES;
				ONLY_ACTIVE_ARCH = YES;
				SDKROOT = iphoneos;
				SWIFT_ACTIVE_COMPILATION_CONDITIONS = DEBUG;
				SWIFT_OPTIMIZATION_LEVEL = "-Onone";
			};
			name = Debug;
		};
		BCA3349B26A6A5420039D4E3 /* Release */ = {
			isa = XCBuildConfiguration;
			buildSettings = {
				ALWAYS_SEARCH_USER_PATHS = NO;
				CLANG_ANALYZER_NONNULL = YES;
				CLANG_ANALYZER_NUMBER_OBJECT_CONVERSION = YES_AGGRESSIVE;
				CLANG_CXX_LANGUAGE_STANDARD = "gnu++14";
				CLANG_CXX_LIBRARY = "libc++";
				CLANG_ENABLE_MODULES = YES;
				CLANG_ENABLE_OBJC_ARC = YES;
				CLANG_ENABLE_OBJC_WEAK = YES;
				CLANG_WARN_BLOCK_CAPTURE_AUTORELEASING = YES;
				CLANG_WARN_BOOL_CONVERSION = YES;
				CLANG_WARN_COMMA = YES;
				CLANG_WARN_CONSTANT_CONVERSION = YES;
				CLANG_WARN_DEPRECATED_OBJC_IMPLEMENTATIONS = YES;
				CLANG_WARN_DIRECT_OBJC_ISA_USAGE = YES_ERROR;
				CLANG_WARN_DOCUMENTATION_COMMENTS = YES;
				CLANG_WARN_EMPTY_BODY = YES;
				CLANG_WARN_ENUM_CONVERSION = YES;
				CLANG_WARN_INFINITE_RECURSION = YES;
				CLANG_WARN_INT_CONVERSION = YES;
				CLANG_WARN_NON_LITERAL_NULL_CONVERSION = YES;
				CLANG_WARN_OBJC_IMPLICIT_RETAIN_SELF = YES;
				CLANG_WARN_OBJC_LITERAL_CONVERSION = YES;
				CLANG_WARN_OBJC_ROOT_CLASS = YES_ERROR;
				CLANG_WARN_QUOTED_INCLUDE_IN_FRAMEWORK_HEADER = YES;
				CLANG_WARN_RANGE_LOOP_ANALYSIS = YES;
				CLANG_WARN_STRICT_PROTOTYPES = YES;
				CLANG_WARN_SUSPICIOUS_MOVE = YES;
				CLANG_WARN_UNGUARDED_AVAILABILITY = YES_AGGRESSIVE;
				CLANG_WARN_UNREACHABLE_CODE = YES;
				CLANG_WARN__DUPLICATE_METHOD_MATCH = YES;
				COPY_PHASE_STRIP = NO;
				DEBUG_INFORMATION_FORMAT = "dwarf-with-dsym";
				ENABLE_NS_ASSERTIONS = NO;
				ENABLE_STRICT_OBJC_MSGSEND = YES;
				GCC_C_LANGUAGE_STANDARD = gnu11;
				GCC_NO_COMMON_BLOCKS = YES;
				GCC_WARN_64_TO_32_BIT_CONVERSION = YES;
				GCC_WARN_ABOUT_RETURN_TYPE = YES_ERROR;
				GCC_WARN_UNDECLARED_SELECTOR = YES;
				GCC_WARN_UNINITIALIZED_AUTOS = YES_AGGRESSIVE;
				GCC_WARN_UNUSED_FUNCTION = YES;
				GCC_WARN_UNUSED_VARIABLE = YES;
				IPHONEOS_DEPLOYMENT_TARGET = 14.5;
				MTL_ENABLE_DEBUG_INFO = NO;
				MTL_FAST_MATH = YES;
				SDKROOT = iphoneos;
				SWIFT_COMPILATION_MODE = wholemodule;
				SWIFT_OPTIMIZATION_LEVEL = "-O";
				VALIDATE_PRODUCT = YES;
			};
			name = Release;
		};
		BCA3349D26A6A5420039D4E3 /* Debug */ = {
			isa = XCBuildConfiguration;
			buildSettings = {
				ASSETCATALOG_COMPILER_APPICON_NAME = AppIcon;
				ASSETCATALOG_COMPILER_GLOBAL_ACCENT_COLOR_NAME = AccentColor;
				CODE_SIGN_STYLE = Automatic;
				DEVELOPMENT_ASSET_PATHS = "\"treasury/Preview Content\"";
				DEVELOPMENT_TEAM = 6427J754M8;
				ENABLE_PREVIEWS = YES;
				INFOPLIST_FILE = treasury/Info.plist;
				IPHONEOS_DEPLOYMENT_TARGET = 14.0;
				LD_RUNPATH_SEARCH_PATHS = (
					"$(inherited)",
					"@executable_path/Frameworks",
				);
				PRODUCT_BUNDLE_IDENTIFIER = com.navixy.treasury;
				PRODUCT_NAME = "$(TARGET_NAME)";
				SWIFT_VERSION = 5.0;
				TARGETED_DEVICE_FAMILY = 1;
			};
			name = Debug;
		};
		BCA3349E26A6A5420039D4E3 /* Release */ = {
			isa = XCBuildConfiguration;
			buildSettings = {
				ASSETCATALOG_COMPILER_APPICON_NAME = AppIcon;
				ASSETCATALOG_COMPILER_GLOBAL_ACCENT_COLOR_NAME = AccentColor;
				CODE_SIGN_STYLE = Automatic;
				DEVELOPMENT_ASSET_PATHS = "\"treasury/Preview Content\"";
				DEVELOPMENT_TEAM = 6427J754M8;
				ENABLE_PREVIEWS = YES;
				INFOPLIST_FILE = treasury/Info.plist;
				IPHONEOS_DEPLOYMENT_TARGET = 14.0;
				LD_RUNPATH_SEARCH_PATHS = (
					"$(inherited)",
					"@executable_path/Frameworks",
				);
				PRODUCT_BUNDLE_IDENTIFIER = com.navixy.treasury;
				PRODUCT_NAME = "$(TARGET_NAME)";
				SWIFT_VERSION = 5.0;
				TARGETED_DEVICE_FAMILY = 1;
			};
			name = Release;
		};
/* End XCBuildConfiguration section */

/* Begin XCConfigurationList section */
		BCA3348826A6A5410039D4E3 /* Build configuration list for PBXProject "treasury" */ = {
			isa = XCConfigurationList;
			buildConfigurations = (
				BCA3349A26A6A5420039D4E3 /* Debug */,
				BCA3349B26A6A5420039D4E3 /* Release */,
			);
			defaultConfigurationIsVisible = 0;
			defaultConfigurationName = Release;
		};
		BCA3349C26A6A5420039D4E3 /* Build configuration list for PBXNativeTarget "treasury" */ = {
			isa = XCConfigurationList;
			buildConfigurations = (
				BCA3349D26A6A5420039D4E3 /* Debug */,
				BCA3349E26A6A5420039D4E3 /* Release */,
			);
			defaultConfigurationIsVisible = 0;
			defaultConfigurationName = Release;
		};
/* End XCConfigurationList section */

/* Begin XCRemoteSwiftPackageReference section */
		BCA334C626A6CEA80039D4E3 /* XCRemoteSwiftPackageReference "Swinject" */ = {
			isa = XCRemoteSwiftPackageReference;
			repositoryURL = "https://github.com/Swinject/Swinject.git";
			requirement = {
				kind = exactVersion;
				version = 2.7.1;
			};
		};
/* End XCRemoteSwiftPackageReference section */

/* Begin XCSwiftPackageProductDependency section */
		BCA334C726A6CEA80039D4E3 /* Swinject */ = {
			isa = XCSwiftPackageProductDependency;
			package = BCA334C626A6CEA80039D4E3 /* XCRemoteSwiftPackageReference "Swinject" */;
			productName = Swinject;
		};
/* End XCSwiftPackageProductDependency section */

/* Begin XCVersionGroup section */
		BCA334A826A6C35D0039D4E3 /* CentralDatabase.xcdatamodeld */ = {
			isa = XCVersionGroup;
			children = (
				BCA334A926A6C35D0039D4E3 /* CentralDatabase.xcdatamodel */,
			);
			currentVersion = BCA334A926A6C35D0039D4E3 /* CentralDatabase.xcdatamodel */;
			path = CentralDatabase.xcdatamodeld;
			sourceTree = "<group>";
			versionGroupType = wrapper.xcdatamodel;
		};
/* End XCVersionGroup section */
	};
	rootObject = BCA3348526A6A5410039D4E3 /* Project object */;
}
